{
  "nodes": {
    "nixpkgs": {
      "locked": {
        "lastModified": 1746300365,
        "narHash": "sha256-thYTdWqCRipwPRxWiTiH1vusLuAy0okjOyzRx4hLWh4=",
        "owner": "nixos",
        "repo": "nixpkgs",
        "rev": "f21e4546e3ede7ae34d12a84602a22246b31f7e0",
        "type": "github"
      },
      "original": {
        "owner": "nixos",
        "ref": "nixpkgs-unstable",
        "repo": "nixpkgs",
        "type": "github"
      }
    },
    "nixpkgs-hugo": {
      "locked": {
        "lastModified": 1743320628,
        "narHash": "sha256-FurMxmjEEqEMld11eX2vgfAx0Rz0JhoFm8UgxbfCZa8=",
        "owner": "NixOS",
        "repo": "nixpkgs",
        "rev": "63158b9cbb6ec93d26255871c447b0f01da81619",
        "type": "github"
      },
      "original": {
        "id": "nixpkgs",
        "rev": "63158b9cbb6ec93d26255871c447b0f01da81619",
        "type": "indirect"
      }
    },
    "root": {
      "inputs": {
        "nixpkgs": "nixpkgs",
        "nixpkgs-hugo": "nixpkgs-hugo"
      }
    }
  },
  "root": "root",
  "version": 7
}
